
Microsoft Visual Studio Solution File, Format Version 12.00
# Visual Studio Version 17
VisualStudioVersion = 17.9.34701.34
MinimumVisualStudioVersion = 10.0.40219.1
Project("{E24C65DC-7377-472B-9ABA-BC803B73C61A}") = "ProjetoAMANDA", "ProjetoAMANDA\", "{79AC6CCF-1953-462B-99AC-2320A1D9C16B}"
	ProjectSection(WebsiteProperties) = preProject
		TargetFrameworkMoniker = ".NETFramework,Version%3Dv4.7.2"
		Debug.AspNetCompiler.VirtualPath = "/localhost_57036"
		Debug.AspNetCompiler.PhysicalPath = "ProjetoAMANDA\"
		Debug.AspNetCompiler.TargetPath = "PrecompiledWeb\localhost_57036\"
		Debug.AspNetCompiler.Updateable = "true"
		Debug.AspNetCompiler.ForceOverwrite = "true"
		Debug.AspNetCompiler.FixedNames = "false"
		Debug.AspNetCompiler.Debug = "True"
		Release.AspNetCompiler.VirtualPath = "/localhost_57036"
		Release.AspNetCompiler.PhysicalPath = "ProjetoAMANDA\"
		Release.AspNetCompiler.TargetPath = "PrecompiledWeb\localhost_57036\"
		Release.AspNetCompiler.Updateable = "true"
		Release.AspNetCompiler.ForceOverwrite = "true"
		Release.AspNetCompiler.FixedNames = "false"
		Release.AspNetCompiler.Debug = "False"
		VWDPort = "57036"
		SlnRelativePath = "ProjetoAMANDA\"
		DefaultWebSiteLanguage = "Visual Basic"
	EndProjectSection
EndProject
Global
	GlobalSection(SolutionConfigurationPlatforms) = preSolution
		Debug|Any CPU = Debug|Any CPU
	EndGlobalSection
	GlobalSection(ProjectConfigurationPlatforms) = postSolution
		{79AC6CCF-1953-462B-99AC-2320A1D9C16B}.Debug|Any CPU.ActiveCfg = Debug|Any CPU
		{79AC6CCF-1953-462B-99AC-2320A1D9C16B}.Debug|Any CPU.Build.0 = Debug|Any CPU
	EndGlobalSection
	GlobalSection(SolutionProperties) = preSolution
		HideSolutionNode = FALSE
	EndGlobalSection
	GlobalSection(ExtensibilityGlobals) = postSolution
		SolutionGuid = {DA9ECA39-66E6-481C-87FB-9B63093C4782}
	EndGlobalSection
EndGlobal
